
Microsoft Visual Studio Solution File, Format Version 12.00
# Visual Studio 2015
Project("{FAE04EC0-301F-11D3-BF4B-00C04F79EFBC}") = "MachineLearningUnity.CSharp", "MachineLearningUnity.CSharp.csproj", "{D22F6FBF-5DFD-FF57-418F-0FB9AA87557D}"
EndProject
Global
	GlobalSection(SolutionConfigurationPlatforms) = preSolution
		Debug|Any CPU = Debug|Any CPU
		Release|Any CPU = Release|Any CPU
	EndGlobalSection
	GlobalSection(ProjectConfigurationPlatforms) = postSolution
		{D22F6FBF-5DFD-FF57-418F-0FB9AA87557D}.Debug|Any CPU.ActiveCfg = Debug|Any CPU
		{D22F6FBF-5DFD-FF57-418F-0FB9AA87557D}.Debug|Any CPU.Build.0 = Debug|Any CPU
		{D22F6FBF-5DFD-FF57-418F-0FB9AA87557D}.Release|Any CPU.ActiveCfg = Release|Any CPU
		{D22F6FBF-5DFD-FF57-418F-0FB9AA87557D}.Release|Any CPU.Build.0 = Release|Any CPU
	EndGlobalSection
	GlobalSection(SolutionProperties) = preSolution
		HideSolutionNode = FALSE
	EndGlobalSection
EndGlobal
